// !$*UTF8*$!
{
	archiveVersion = 1;
	classes = {
	};
	objectVersion = 56;
	objects = {

/* Begin PBXBuildFile section */
		35D314C42A56F13E00D12796 /* GameModel.swift in Sources */ = {isa = PBXBuildFile; fileRef = 35D314C32A56F13E00D12796 /* GameModel.swift */; };
		35D314C62A56F1B400D12796 /* GameViewModel.swift in Sources */ = {isa = PBXBuildFile; fileRef = 35D314C52A56F1B400D12796 /* GameViewModel.swift */; };
		35D314C92A56F9AA00D12796 /* GameTests.swift in Sources */ = {isa = PBXBuildFile; fileRef = 35D314C82A56F9AA00D12796 /* GameTests.swift */; };
		35D314CB2A56FDE100D12796 /* GamePerformanceTests.swift in Sources */ = {isa = PBXBuildFile; fileRef = 35D314CA2A56FDE100D12796 /* GamePerformanceTests.swift */; };
		35D314CD2A57141B00D12796 /* RPS_ML_trained.mlmodel in Sources */ = {isa = PBXBuildFile; fileRef = 35D314CC2A57141B00D12796 /* RPS_ML_trained.mlmodel */; };
		35D314CF2A5714A000D12796 /* OpponentDataModel.swift in Sources */ = {isa = PBXBuildFile; fileRef = 35D314CE2A5714A000D12796 /* OpponentDataModel.swift */; };
		35D314D12A57163700D12796 /* RoundDetail.swift in Sources */ = {isa = PBXBuildFile; fileRef = 35D314D02A57163700D12796 /* RoundDetail.swift */; };
		35D314D32A57193900D12796 /* RPSButtons.swift in Sources */ = {isa = PBXBuildFile; fileRef = 35D314D22A57193900D12796 /* RPSButtons.swift */; };
		35D314D62A57F6E200D12796 /* HomeView.swift in Sources */ = {isa = PBXBuildFile; fileRef = 35D314D52A57F6E200D12796 /* HomeView.swift */; };
		35D314D82A58098C00D12796 /* OnlinePlayerRow.swift in Sources */ = {isa = PBXBuildFile; fileRef = 35D314D72A58098C00D12796 /* OnlinePlayerRow.swift */; };
		35D314DA2A59928200D12796 /* SettingsView.swift in Sources */ = {isa = PBXBuildFile; fileRef = 35D314D92A59928200D12796 /* SettingsView.swift */; };
		35D314DC2A59929000D12796 /* GameOverView.swift in Sources */ = {isa = PBXBuildFile; fileRef = 35D314DB2A59929000D12796 /* GameOverView.swift */; };
		35D314DE2A59965F00D12796 /* SignUpView.swift in Sources */ = {isa = PBXBuildFile; fileRef = 35D314DD2A59965F00D12796 /* SignUpView.swift */; };
		35D314E02A5996A200D12796 /* GradientButton.swift in Sources */ = {isa = PBXBuildFile; fileRef = 35D314DF2A5996A200D12796 /* GradientButton.swift */; };
		35D314E22A5996D400D12796 /* GradientText.swift in Sources */ = {isa = PBXBuildFile; fileRef = 35D314E12A5996D400D12796 /* GradientText.swift */; };
		35D314E52A59971E00D12796 /* TextfieldIcon.swift in Sources */ = {isa = PBXBuildFile; fileRef = 35D314E42A59971E00D12796 /* TextfieldIcon.swift */; };
		35D314E72A59975400D12796 /* VisualEffectBlur.swift in Sources */ = {isa = PBXBuildFile; fileRef = 35D314E62A59975400D12796 /* VisualEffectBlur.swift */; };
		35D314E92A599DC300D12796 /* ProfileView.swift in Sources */ = {isa = PBXBuildFile; fileRef = 35D314E82A599DC300D12796 /* ProfileView.swift */; };
		35D314EC2A5AB81300D12796 /* FirebaseAnalyticsSwift in Frameworks */ = {isa = PBXBuildFile; productRef = 35D314EB2A5AB81300D12796 /* FirebaseAnalyticsSwift */; };
		35D314EE2A5AB81300D12796 /* FirebaseAuth in Frameworks */ = {isa = PBXBuildFile; productRef = 35D314ED2A5AB81300D12796 /* FirebaseAuth */; };
		35D314F02A5AB81300D12796 /* FirebaseAuthCombine-Community in Frameworks */ = {isa = PBXBuildFile; productRef = 35D314EF2A5AB81300D12796 /* FirebaseAuthCombine-Community */; };
		35D314F22A5AB81300D12796 /* FirebaseCrashlytics in Frameworks */ = {isa = PBXBuildFile; productRef = 35D314F12A5AB81300D12796 /* FirebaseCrashlytics */; };
		35D314F42A5AB81300D12796 /* FirebaseDatabaseSwift in Frameworks */ = {isa = PBXBuildFile; productRef = 35D314F32A5AB81300D12796 /* FirebaseDatabaseSwift */; };
		35D314F62A5AB81300D12796 /* FirebaseDynamicLinks in Frameworks */ = {isa = PBXBuildFile; productRef = 35D314F52A5AB81300D12796 /* FirebaseDynamicLinks */; };
		35D314F82A5AB81300D12796 /* FirebaseFirestoreSwift in Frameworks */ = {isa = PBXBuildFile; productRef = 35D314F72A5AB81300D12796 /* FirebaseFirestoreSwift */; };
		35D314FA2A5AB81300D12796 /* FirebaseFunctions in Frameworks */ = {isa = PBXBuildFile; productRef = 35D314F92A5AB81300D12796 /* FirebaseFunctions */; };
		35D314FC2A5AB81300D12796 /* FirebaseMessaging in Frameworks */ = {isa = PBXBuildFile; productRef = 35D314FB2A5AB81300D12796 /* FirebaseMessaging */; };
		35D314FE2A5AB81300D12796 /* FirebaseStorageCombine-Community in Frameworks */ = {isa = PBXBuildFile; productRef = 35D314FD2A5AB81300D12796 /* FirebaseStorageCombine-Community */; };
		35D315002A5AB9AB00D12796 /* GoogleService-Info.plist in Resources */ = {isa = PBXBuildFile; fileRef = 35D314FF2A5AB9AB00D12796 /* GoogleService-Info.plist */; };
		35D315042A5BF17200D12796 /* ServerManager.swift in Sources */ = {isa = PBXBuildFile; fileRef = 35D315032A5BF17200D12796 /* ServerManager.swift */; };
		35D315082A5BF69C00D12796 /* GameServer.swift in Sources */ = {isa = PBXBuildFile; fileRef = 35D315072A5BF69C00D12796 /* GameServer.swift */; };
		35D3150C2A5D4F6F00D12796 /* GameRow.swift in Sources */ = {isa = PBXBuildFile; fileRef = 35D3150B2A5D4F6F00D12796 /* GameRow.swift */; };
		35D3150E2A5D695C00D12796 /* GradientProfilePicture.swift in Sources */ = {isa = PBXBuildFile; fileRef = 35D3150D2A5D695C00D12796 /* GradientProfilePicture.swift */; };
		35E9AC0A2A55AC20000C369E /* RPS_ML_MultiplayerApp.swift in Sources */ = {isa = PBXBuildFile; fileRef = 35E9AC092A55AC20000C369E /* RPS_ML_MultiplayerApp.swift */; };
		35E9AC0C2A55AC20000C369E /* ContentView.swift in Sources */ = {isa = PBXBuildFile; fileRef = 35E9AC0B2A55AC20000C369E /* ContentView.swift */; };
		35E9AC0E2A55AC22000C369E /* Assets.xcassets in Resources */ = {isa = PBXBuildFile; fileRef = 35E9AC0D2A55AC22000C369E /* Assets.xcassets */; };
		35E9AC112A55AC22000C369E /* Preview Assets.xcassets in Resources */ = {isa = PBXBuildFile; fileRef = 35E9AC102A55AC22000C369E /* Preview Assets.xcassets */; };
		35E9AC1B2A55AC22000C369E /* RPS_ML_MultiplayerTests.swift in Sources */ = {isa = PBXBuildFile; fileRef = 35E9AC1A2A55AC22000C369E /* RPS_ML_MultiplayerTests.swift */; };
		35E9AC252A55AC22000C369E /* RPS_ML_MultiplayerUITests.swift in Sources */ = {isa = PBXBuildFile; fileRef = 35E9AC242A55AC22000C369E /* RPS_ML_MultiplayerUITests.swift */; };
		35E9AC272A55AC22000C369E /* RPS_ML_MultiplayerUITestsLaunchTests.swift in Sources */ = {isa = PBXBuildFile; fileRef = 35E9AC262A55AC22000C369E /* RPS_ML_MultiplayerUITestsLaunchTests.swift */; };
		35E9AC342A55ACC9000C369E /* FrameView.swift in Sources */ = {isa = PBXBuildFile; fileRef = 35E9AC332A55ACC9000C369E /* FrameView.swift */; };
		35E9AC362A55AD1E000C369E /* FrameHandler.swift in Sources */ = {isa = PBXBuildFile; fileRef = 35E9AC352A55AD1E000C369E /* FrameHandler.swift */; };
		35E9AC3A2A55C848000C369E /* GameOverlay.swift in Sources */ = {isa = PBXBuildFile; fileRef = 35E9AC392A55C847000C369E /* GameOverlay.swift */; };
		35E9AC3C2A55C8C4000C369E /* PredictionButton.swift in Sources */ = {isa = PBXBuildFile; fileRef = 35E9AC3B2A55C8C4000C369E /* PredictionButton.swift */; };
		35E9AC3E2A55C9EE000C369E /* Helpers.swift in Sources */ = {isa = PBXBuildFile; fileRef = 35E9AC3D2A55C9EE000C369E /* Helpers.swift */; };
/* End PBXBuildFile section */

/* Begin PBXContainerItemProxy section */
		35E9AC172A55AC22000C369E /* PBXContainerItemProxy */ = {
			isa = PBXContainerItemProxy;
			containerPortal = 35E9ABFE2A55AC20000C369E /* Project object */;
			proxyType = 1;
			remoteGlobalIDString = 35E9AC052A55AC20000C369E;
			remoteInfo = RPS_ML_Multiplayer;
		};
		35E9AC212A55AC22000C369E /* PBXContainerItemProxy */ = {
			isa = PBXContainerItemProxy;
			containerPortal = 35E9ABFE2A55AC20000C369E /* Project object */;
			proxyType = 1;
			remoteGlobalIDString = 35E9AC052A55AC20000C369E;
			remoteInfo = RPS_ML_Multiplayer;
		};
/* End PBXContainerItemProxy section */

/* Begin PBXFileReference section */
		35D314C32A56F13E00D12796 /* GameModel.swift */ = {isa = PBXFileReference; lastKnownFileType = sourcecode.swift; path = GameModel.swift; sourceTree = "<group>"; };
		35D314C52A56F1B400D12796 /* GameViewModel.swift */ = {isa = PBXFileReference; lastKnownFileType = sourcecode.swift; path = GameViewModel.swift; sourceTree = "<group>"; };
		35D314C82A56F9AA00D12796 /* GameTests.swift */ = {isa = PBXFileReference; lastKnownFileType = sourcecode.swift; path = GameTests.swift; sourceTree = "<group>"; };
		35D314CA2A56FDE100D12796 /* GamePerformanceTests.swift */ = {isa = PBXFileReference; lastKnownFileType = sourcecode.swift; path = GamePerformanceTests.swift; sourceTree = "<group>"; };
		35D314CC2A57141B00D12796 /* RPS_ML_trained.mlmodel */ = {isa = PBXFileReference; lastKnownFileType = file.mlmodel; path = RPS_ML_trained.mlmodel; sourceTree = "<group>"; };
		35D314CE2A5714A000D12796 /* OpponentDataModel.swift */ = {isa = PBXFileReference; lastKnownFileType = sourcecode.swift; path = OpponentDataModel.swift; sourceTree = "<group>"; };
		35D314D02A57163700D12796 /* RoundDetail.swift */ = {isa = PBXFileReference; lastKnownFileType = sourcecode.swift; path = RoundDetail.swift; sourceTree = "<group>"; };
		35D314D22A57193900D12796 /* RPSButtons.swift */ = {isa = PBXFileReference; lastKnownFileType = sourcecode.swift; path = RPSButtons.swift; sourceTree = "<group>"; };
		35D314D52A57F6E200D12796 /* HomeView.swift */ = {isa = PBXFileReference; lastKnownFileType = sourcecode.swift; path = HomeView.swift; sourceTree = "<group>"; };
		35D314D72A58098C00D12796 /* OnlinePlayerRow.swift */ = {isa = PBXFileReference; lastKnownFileType = sourcecode.swift; path = OnlinePlayerRow.swift; sourceTree = "<group>"; };
		35D314D92A59928200D12796 /* SettingsView.swift */ = {isa = PBXFileReference; lastKnownFileType = sourcecode.swift; path = SettingsView.swift; sourceTree = "<group>"; };
		35D314DB2A59929000D12796 /* GameOverView.swift */ = {isa = PBXFileReference; lastKnownFileType = sourcecode.swift; path = GameOverView.swift; sourceTree = "<group>"; };
		35D314DD2A59965F00D12796 /* SignUpView.swift */ = {isa = PBXFileReference; lastKnownFileType = sourcecode.swift; path = SignUpView.swift; sourceTree = "<group>"; };
		35D314DF2A5996A200D12796 /* GradientButton.swift */ = {isa = PBXFileReference; lastKnownFileType = sourcecode.swift; path = GradientButton.swift; sourceTree = "<group>"; };
		35D314E12A5996D400D12796 /* GradientText.swift */ = {isa = PBXFileReference; lastKnownFileType = sourcecode.swift; path = GradientText.swift; sourceTree = "<group>"; };
		35D314E42A59971E00D12796 /* TextfieldIcon.swift */ = {isa = PBXFileReference; lastKnownFileType = sourcecode.swift; path = TextfieldIcon.swift; sourceTree = "<group>"; };
		35D314E62A59975400D12796 /* VisualEffectBlur.swift */ = {isa = PBXFileReference; lastKnownFileType = sourcecode.swift; path = VisualEffectBlur.swift; sourceTree = "<group>"; };
		35D314E82A599DC300D12796 /* ProfileView.swift */ = {isa = PBXFileReference; lastKnownFileType = sourcecode.swift; path = ProfileView.swift; sourceTree = "<group>"; };
		35D314FF2A5AB9AB00D12796 /* GoogleService-Info.plist */ = {isa = PBXFileReference; fileEncoding = 4; lastKnownFileType = text.plist.xml; path = "GoogleService-Info.plist"; sourceTree = "<group>"; };
		35D315032A5BF17200D12796 /* ServerManager.swift */ = {isa = PBXFileReference; lastKnownFileType = sourcecode.swift; path = ServerManager.swift; sourceTree = "<group>"; };
		35D315072A5BF69C00D12796 /* GameServer.swift */ = {isa = PBXFileReference; lastKnownFileType = sourcecode.swift; path = GameServer.swift; sourceTree = "<group>"; };
		35D3150B2A5D4F6F00D12796 /* GameRow.swift */ = {isa = PBXFileReference; lastKnownFileType = sourcecode.swift; path = GameRow.swift; sourceTree = "<group>"; };
		35D3150D2A5D695C00D12796 /* GradientProfilePicture.swift */ = {isa = PBXFileReference; lastKnownFileType = sourcecode.swift; path = GradientProfilePicture.swift; sourceTree = "<group>"; };
		35E9AC062A55AC20000C369E /* RPS_ML_Multiplayer.app */ = {isa = PBXFileReference; explicitFileType = wrapper.application; includeInIndex = 0; path = RPS_ML_Multiplayer.app; sourceTree = BUILT_PRODUCTS_DIR; };
		35E9AC092A55AC20000C369E /* RPS_ML_MultiplayerApp.swift */ = {isa = PBXFileReference; lastKnownFileType = sourcecode.swift; path = RPS_ML_MultiplayerApp.swift; sourceTree = "<group>"; };
		35E9AC0B2A55AC20000C369E /* ContentView.swift */ = {isa = PBXFileReference; lastKnownFileType = sourcecode.swift; path = ContentView.swift; sourceTree = "<group>"; };
		35E9AC0D2A55AC22000C369E /* Assets.xcassets */ = {isa = PBXFileReference; lastKnownFileType = folder.assetcatalog; path = Assets.xcassets; sourceTree = "<group>"; };
		35E9AC102A55AC22000C369E /* Preview Assets.xcassets */ = {isa = PBXFileReference; lastKnownFileType = folder.assetcatalog; path = "Preview Assets.xcassets"; sourceTree = "<group>"; };
		35E9AC162A55AC22000C369E /* RPS_ML_MultiplayerTests.xctest */ = {isa = PBXFileReference; explicitFileType = wrapper.cfbundle; includeInIndex = 0; path = RPS_ML_MultiplayerTests.xctest; sourceTree = BUILT_PRODUCTS_DIR; };
		35E9AC1A2A55AC22000C369E /* RPS_ML_MultiplayerTests.swift */ = {isa = PBXFileReference; lastKnownFileType = sourcecode.swift; path = RPS_ML_MultiplayerTests.swift; sourceTree = "<group>"; };
		35E9AC202A55AC22000C369E /* RPS_ML_MultiplayerUITests.xctest */ = {isa = PBXFileReference; explicitFileType = wrapper.cfbundle; includeInIndex = 0; path = RPS_ML_MultiplayerUITests.xctest; sourceTree = BUILT_PRODUCTS_DIR; };
		35E9AC242A55AC22000C369E /* RPS_ML_MultiplayerUITests.swift */ = {isa = PBXFileReference; lastKnownFileType = sourcecode.swift; path = RPS_ML_MultiplayerUITests.swift; sourceTree = "<group>"; };
		35E9AC262A55AC22000C369E /* RPS_ML_MultiplayerUITestsLaunchTests.swift */ = {isa = PBXFileReference; lastKnownFileType = sourcecode.swift; path = RPS_ML_MultiplayerUITestsLaunchTests.swift; sourceTree = "<group>"; };
		35E9AC332A55ACC9000C369E /* FrameView.swift */ = {isa = PBXFileReference; lastKnownFileType = sourcecode.swift; path = FrameView.swift; sourceTree = "<group>"; };
		35E9AC352A55AD1E000C369E /* FrameHandler.swift */ = {isa = PBXFileReference; lastKnownFileType = sourcecode.swift; path = FrameHandler.swift; sourceTree = "<group>"; };
		35E9AC392A55C847000C369E /* GameOverlay.swift */ = {isa = PBXFileReference; lastKnownFileType = sourcecode.swift; path = GameOverlay.swift; sourceTree = "<group>"; };
		35E9AC3B2A55C8C4000C369E /* PredictionButton.swift */ = {isa = PBXFileReference; lastKnownFileType = sourcecode.swift; path = PredictionButton.swift; sourceTree = "<group>"; };
		35E9AC3D2A55C9EE000C369E /* Helpers.swift */ = {isa = PBXFileReference; lastKnownFileType = sourcecode.swift; path = Helpers.swift; sourceTree = "<group>"; };
/* End PBXFileReference section */

/* Begin PBXFrameworksBuildPhase section */
		35E9AC032A55AC20000C369E /* Frameworks */ = {
			isa = PBXFrameworksBuildPhase;
			buildActionMask = 2147483647;
			files = (
				35D314FC2A5AB81300D12796 /* FirebaseMessaging in Frameworks */,
				35D314F42A5AB81300D12796 /* FirebaseDatabaseSwift in Frameworks */,
				35D314FE2A5AB81300D12796 /* FirebaseStorageCombine-Community in Frameworks */,
				35D314EC2A5AB81300D12796 /* FirebaseAnalyticsSwift in Frameworks */,
				35D314F22A5AB81300D12796 /* FirebaseCrashlytics in Frameworks */,
				35D314FA2A5AB81300D12796 /* FirebaseFunctions in Frameworks */,
				35D314F82A5AB81300D12796 /* FirebaseFirestoreSwift in Frameworks */,
				35D314F02A5AB81300D12796 /* FirebaseAuthCombine-Community in Frameworks */,
				35D314EE2A5AB81300D12796 /* FirebaseAuth in Frameworks */,
				35D314F62A5AB81300D12796 /* FirebaseDynamicLinks in Frameworks */,
			);
			runOnlyForDeploymentPostprocessing = 0;
		};
		35E9AC132A55AC22000C369E /* Frameworks */ = {
			isa = PBXFrameworksBuildPhase;
			buildActionMask = 2147483647;
			files = (
			);
			runOnlyForDeploymentPostprocessing = 0;
		};
		35E9AC1D2A55AC22000C369E /* Frameworks */ = {
			isa = PBXFrameworksBuildPhase;
			buildActionMask = 2147483647;
			files = (
			);
			runOnlyForDeploymentPostprocessing = 0;
		};
/* End PBXFrameworksBuildPhase section */

/* Begin PBXGroup section */
		35D314C72A56F1B900D12796 /* Game */ = {
			isa = PBXGroup;
			children = (
				35E9AC392A55C847000C369E /* GameOverlay.swift */,
				35D314D42A5719BF00D12796 /* OverlayElements */,
				35D314C32A56F13E00D12796 /* GameModel.swift */,
				35D314C52A56F1B400D12796 /* GameViewModel.swift */,
				35D315072A5BF69C00D12796 /* GameServer.swift */,
			);
			path = Game;
			sourceTree = "<group>";
		};
		35D314D42A5719BF00D12796 /* OverlayElements */ = {
			isa = PBXGroup;
			children = (
				35D314D22A57193900D12796 /* RPSButtons.swift */,
				35D314D02A57163700D12796 /* RoundDetail.swift */,
			);
			path = OverlayElements;
			sourceTree = "<group>";
		};
		35D314E32A5996DD00D12796 /* GradientViews */ = {
			isa = PBXGroup;
			children = (
				35D314DF2A5996A200D12796 /* GradientButton.swift */,
				35D314E12A5996D400D12796 /* GradientText.swift */,
			);
			path = GradientViews;
			sourceTree = "<group>";
		};
		35E9ABFD2A55AC20000C369E = {
			isa = PBXGroup;
			children = (
				35E9AC082A55AC20000C369E /* RPS_ML_Multiplayer */,
				35E9AC192A55AC22000C369E /* RPS_ML_MultiplayerTests */,
				35E9AC232A55AC22000C369E /* RPS_ML_MultiplayerUITests */,
				35E9AC072A55AC20000C369E /* Products */,
			);
			sourceTree = "<group>";
		};
		35E9AC072A55AC20000C369E /* Products */ = {
			isa = PBXGroup;
			children = (
				35E9AC062A55AC20000C369E /* RPS_ML_Multiplayer.app */,
				35E9AC162A55AC22000C369E /* RPS_ML_MultiplayerTests.xctest */,
				35E9AC202A55AC22000C369E /* RPS_ML_MultiplayerUITests.xctest */,
			);
			name = Products;
			sourceTree = "<group>";
		};
		35E9AC082A55AC20000C369E /* RPS_ML_Multiplayer */ = {
			isa = PBXGroup;
			children = (
				35D314FF2A5AB9AB00D12796 /* GoogleService-Info.plist */,
				35D314CC2A57141B00D12796 /* RPS_ML_trained.mlmodel */,
				35E9AC092A55AC20000C369E /* RPS_ML_MultiplayerApp.swift */,
				35D314D52A57F6E200D12796 /* HomeView.swift */,
				35D3150B2A5D4F6F00D12796 /* GameRow.swift */,
				35D315032A5BF17200D12796 /* ServerManager.swift */,
				35E9AC0B2A55AC20000C369E /* ContentView.swift */,
				35D314C72A56F1B900D12796 /* Game */,
				35E9AC3D2A55C9EE000C369E /* Helpers.swift */,
				35E9AC3B2A55C8C4000C369E /* PredictionButton.swift */,
				35E9AC332A55ACC9000C369E /* FrameView.swift */,
				35E9AC352A55AD1E000C369E /* FrameHandler.swift */,
				35E9AC0D2A55AC22000C369E /* Assets.xcassets */,
				35E9AC0F2A55AC22000C369E /* Preview Content */,
				35D314CE2A5714A000D12796 /* OpponentDataModel.swift */,
				35D314D72A58098C00D12796 /* OnlinePlayerRow.swift */,
				35D314D92A59928200D12796 /* SettingsView.swift */,
				35D314DB2A59929000D12796 /* GameOverView.swift */,
				35D314DD2A59965F00D12796 /* SignUpView.swift */,
				35D314E42A59971E00D12796 /* TextfieldIcon.swift */,
				35D314E62A59975400D12796 /* VisualEffectBlur.swift */,
				35D314E32A5996DD00D12796 /* GradientViews */,
				35D314E82A599DC300D12796 /* ProfileView.swift */,
				35D3150D2A5D695C00D12796 /* GradientProfilePicture.swift */,
			);
			path = RPS_ML_Multiplayer;
			sourceTree = "<group>";
		};
		35E9AC0F2A55AC22000C369E /* Preview Content */ = {
			isa = PBXGroup;
			children = (
				35E9AC102A55AC22000C369E /* Preview Assets.xcassets */,
			);
			path = "Preview Content";
			sourceTree = "<group>";
		};
		35E9AC192A55AC22000C369E /* RPS_ML_MultiplayerTests */ = {
			isa = PBXGroup;
			children = (
				35E9AC1A2A55AC22000C369E /* RPS_ML_MultiplayerTests.swift */,
				35D314C82A56F9AA00D12796 /* GameTests.swift */,
				35D314CA2A56FDE100D12796 /* GamePerformanceTests.swift */,
			);
			path = RPS_ML_MultiplayerTests;
			sourceTree = "<group>";
		};
		35E9AC232A55AC22000C369E /* RPS_ML_MultiplayerUITests */ = {
			isa = PBXGroup;
			children = (
				35E9AC242A55AC22000C369E /* RPS_ML_MultiplayerUITests.swift */,
				35E9AC262A55AC22000C369E /* RPS_ML_MultiplayerUITestsLaunchTests.swift */,
			);
			path = RPS_ML_MultiplayerUITests;
			sourceTree = "<group>";
		};
/* End PBXGroup section */

/* Begin PBXNativeTarget section */
		35E9AC052A55AC20000C369E /* RPS_ML_Multiplayer */ = {
			isa = PBXNativeTarget;
			buildConfigurationList = 35E9AC2A2A55AC22000C369E /* Build configuration list for PBXNativeTarget "RPS_ML_Multiplayer" */;
			buildPhases = (
				35E9AC022A55AC20000C369E /* Sources */,
				35E9AC032A55AC20000C369E /* Frameworks */,
				35E9AC042A55AC20000C369E /* Resources */,
			);
			buildRules = (
			);
			dependencies = (
			);
			name = RPS_ML_Multiplayer;
			packageProductDependencies = (
				35D314EB2A5AB81300D12796 /* FirebaseAnalyticsSwift */,
				35D314ED2A5AB81300D12796 /* FirebaseAuth */,
				35D314EF2A5AB81300D12796 /* FirebaseAuthCombine-Community */,
				35D314F12A5AB81300D12796 /* FirebaseCrashlytics */,
				35D314F32A5AB81300D12796 /* FirebaseDatabaseSwift */,
				35D314F52A5AB81300D12796 /* FirebaseDynamicLinks */,
				35D314F72A5AB81300D12796 /* FirebaseFirestoreSwift */,
				35D314F92A5AB81300D12796 /* FirebaseFunctions */,
				35D314FB2A5AB81300D12796 /* FirebaseMessaging */,
				35D314FD2A5AB81300D12796 /* FirebaseStorageCombine-Community */,
			);
			productName = RPS_ML_Multiplayer;
			productReference = 35E9AC062A55AC20000C369E /* RPS_ML_Multiplayer.app */;
			productType = "com.apple.product-type.application";
		};
		35E9AC152A55AC22000C369E /* RPS_ML_MultiplayerTests */ = {
			isa = PBXNativeTarget;
			buildConfigurationList = 35E9AC2D2A55AC22000C369E /* Build configuration list for PBXNativeTarget "RPS_ML_MultiplayerTests" */;
			buildPhases = (
				35E9AC122A55AC22000C369E /* Sources */,
				35E9AC132A55AC22000C369E /* Frameworks */,
				35E9AC142A55AC22000C369E /* Resources */,
			);
			buildRules = (
			);
			dependencies = (
				35E9AC182A55AC22000C369E /* PBXTargetDependency */,
			);
			name = RPS_ML_MultiplayerTests;
			productName = RPS_ML_MultiplayerTests;
			productReference = 35E9AC162A55AC22000C369E /* RPS_ML_MultiplayerTests.xctest */;
			productType = "com.apple.product-type.bundle.unit-test";
		};
		35E9AC1F2A55AC22000C369E /* RPS_ML_MultiplayerUITests */ = {
			isa = PBXNativeTarget;
			buildConfigurationList = 35E9AC302A55AC22000C369E /* Build configuration list for PBXNativeTarget "RPS_ML_MultiplayerUITests" */;
			buildPhases = (
				35E9AC1C2A55AC22000C369E /* Sources */,
				35E9AC1D2A55AC22000C369E /* Frameworks */,
				35E9AC1E2A55AC22000C369E /* Resources */,
			);
			buildRules = (
			);
			dependencies = (
				35E9AC222A55AC22000C369E /* PBXTargetDependency */,
			);
			name = RPS_ML_MultiplayerUITests;
			productName = RPS_ML_MultiplayerUITests;
			productReference = 35E9AC202A55AC22000C369E /* RPS_ML_MultiplayerUITests.xctest */;
			productType = "com.apple.product-type.bundle.ui-testing";
		};
/* End PBXNativeTarget section */

/* Begin PBXProject section */
		35E9ABFE2A55AC20000C369E /* Project object */ = {
			isa = PBXProject;
			attributes = {
				BuildIndependentTargetsInParallel = 1;
				LastSwiftUpdateCheck = 1430;
				LastUpgradeCheck = 1430;
				TargetAttributes = {
					35E9AC052A55AC20000C369E = {
						CreatedOnToolsVersion = 14.3.1;
					};
					35E9AC152A55AC22000C369E = {
						CreatedOnToolsVersion = 14.3.1;
						TestTargetID = 35E9AC052A55AC20000C369E;
					};
					35E9AC1F2A55AC22000C369E = {
						CreatedOnToolsVersion = 14.3.1;
						TestTargetID = 35E9AC052A55AC20000C369E;
					};
				};
			};
			buildConfigurationList = 35E9AC012A55AC20000C369E /* Build configuration list for PBXProject "RPS_ML_Multiplayer" */;
			compatibilityVersion = "Xcode 14.0";
			developmentRegion = en;
			hasScannedForEncodings = 0;
			knownRegions = (
				en,
				Base,
			);
			mainGroup = 35E9ABFD2A55AC20000C369E;
			packageReferences = (
				35D314EA2A5AB81300D12796 /* XCRemoteSwiftPackageReference "firebase-ios-sdk" */,
			);
			productRefGroup = 35E9AC072A55AC20000C369E /* Products */;
			projectDirPath = "";
			projectRoot = "";
			targets = (
				35E9AC052A55AC20000C369E /* RPS_ML_Multiplayer */,
				35E9AC152A55AC22000C369E /* RPS_ML_MultiplayerTests */,
				35E9AC1F2A55AC22000C369E /* RPS_ML_MultiplayerUITests */,
			);
		};
/* End PBXProject section */

/* Begin PBXResourcesBuildPhase section */
		35E9AC042A55AC20000C369E /* Resources */ = {
			isa = PBXResourcesBuildPhase;
			buildActionMask = 2147483647;
			files = (
				35E9AC112A55AC22000C369E /* Preview Assets.xcassets in Resources */,
				35E9AC0E2A55AC22000C369E /* Assets.xcassets in Resources */,
				35D315002A5AB9AB00D12796 /* GoogleService-Info.plist in Resources */,
			);
			runOnlyForDeploymentPostprocessing = 0;
		};
		35E9AC142A55AC22000C369E /* Resources */ = {
			isa = PBXResourcesBuildPhase;
			buildActionMask = 2147483647;
			files = (
			);
			runOnlyForDeploymentPostprocessing = 0;
		};
		35E9AC1E2A55AC22000C369E /* Resources */ = {
			isa = PBXResourcesBuildPhase;
			buildActionMask = 2147483647;
			files = (
			);
			runOnlyForDeploymentPostprocessing = 0;
		};
/* End PBXResourcesBuildPhase section */

/* Begin PBXSourcesBuildPhase section */
		35E9AC022A55AC20000C369E /* Sources */ = {
			isa = PBXSourcesBuildPhase;
			buildActionMask = 2147483647;
			files = (
				35D315082A5BF69C00D12796 /* GameServer.swift in Sources */,
				35E9AC342A55ACC9000C369E /* FrameView.swift in Sources */,
				35D314D62A57F6E200D12796 /* HomeView.swift in Sources */,
				35D314C42A56F13E00D12796 /* GameModel.swift in Sources */,
				35D314CF2A5714A000D12796 /* OpponentDataModel.swift in Sources */,
				35E9AC0C2A55AC20000C369E /* ContentView.swift in Sources */,
				35D314DC2A59929000D12796 /* GameOverView.swift in Sources */,
				35D314E52A59971E00D12796 /* TextfieldIcon.swift in Sources */,
				35E9AC3A2A55C848000C369E /* GameOverlay.swift in Sources */,
				35E9AC3E2A55C9EE000C369E /* Helpers.swift in Sources */,
				35E9AC3C2A55C8C4000C369E /* PredictionButton.swift in Sources */,
				35E9AC362A55AD1E000C369E /* FrameHandler.swift in Sources */,
				35D314DA2A59928200D12796 /* SettingsView.swift in Sources */,
				35D314D32A57193900D12796 /* RPSButtons.swift in Sources */,
				35D314CD2A57141B00D12796 /* RPS_ML_trained.mlmodel in Sources */,
				35D314D82A58098C00D12796 /* OnlinePlayerRow.swift in Sources */,
				35D314C62A56F1B400D12796 /* GameViewModel.swift in Sources */,
				35D315042A5BF17200D12796 /* ServerManager.swift in Sources */,
				35E9AC0A2A55AC20000C369E /* RPS_ML_MultiplayerApp.swift in Sources */,
				35D314E92A599DC300D12796 /* ProfileView.swift in Sources */,
				35D314E22A5996D400D12796 /* GradientText.swift in Sources */,
				35D314E72A59975400D12796 /* VisualEffectBlur.swift in Sources */,
				35D314DE2A59965F00D12796 /* SignUpView.swift in Sources */,
				35D314D12A57163700D12796 /* RoundDetail.swift in Sources */,
				35D3150C2A5D4F6F00D12796 /* GameRow.swift in Sources */,
				35D3150E2A5D695C00D12796 /* GradientProfilePicture.swift in Sources */,
				35D314E02A5996A200D12796 /* GradientButton.swift in Sources */,
			);
			runOnlyForDeploymentPostprocessing = 0;
		};
		35E9AC122A55AC22000C369E /* Sources */ = {
			isa = PBXSourcesBuildPhase;
			buildActionMask = 2147483647;
			files = (
				35E9AC1B2A55AC22000C369E /* RPS_ML_MultiplayerTests.swift in Sources */,
				35D314C92A56F9AA00D12796 /* GameTests.swift in Sources */,
				35D314CB2A56FDE100D12796 /* GamePerformanceTests.swift in Sources */,
			);
			runOnlyForDeploymentPostprocessing = 0;
		};
		35E9AC1C2A55AC22000C369E /* Sources */ = {
			isa = PBXSourcesBuildPhase;
			buildActionMask = 2147483647;
			files = (
				35E9AC272A55AC22000C369E /* RPS_ML_MultiplayerUITestsLaunchTests.swift in Sources */,
				35E9AC252A55AC22000C369E /* RPS_ML_MultiplayerUITests.swift in Sources */,
			);
			runOnlyForDeploymentPostprocessing = 0;
		};
/* End PBXSourcesBuildPhase section */

/* Begin PBXTargetDependency section */
		35E9AC182A55AC22000C369E /* PBXTargetDependency */ = {
			isa = PBXTargetDependency;
			target = 35E9AC052A55AC20000C369E /* RPS_ML_Multiplayer */;
			targetProxy = 35E9AC172A55AC22000C369E /* PBXContainerItemProxy */;
		};
		35E9AC222A55AC22000C369E /* PBXTargetDependency */ = {
			isa = PBXTargetDependency;
			target = 35E9AC052A55AC20000C369E /* RPS_ML_Multiplayer */;
			targetProxy = 35E9AC212A55AC22000C369E /* PBXContainerItemProxy */;
		};
/* End PBXTargetDependency section */

/* Begin XCBuildConfiguration section */
		35E9AC282A55AC22000C369E /* Debug */ = {
			isa = XCBuildConfiguration;
			buildSettings = {
				ALWAYS_SEARCH_USER_PATHS = NO;
				CLANG_ANALYZER_NONNULL = YES;
				CLANG_ANALYZER_NUMBER_OBJECT_CONVERSION = YES_AGGRESSIVE;
				CLANG_CXX_LANGUAGE_STANDARD = "gnu++20";
				CLANG_ENABLE_MODULES = YES;
				CLANG_ENABLE_OBJC_ARC = YES;
				CLANG_ENABLE_OBJC_WEAK = YES;
				CLANG_WARN_BLOCK_CAPTURE_AUTORELEASING = YES;
				CLANG_WARN_BOOL_CONVERSION = YES;
				CLANG_WARN_COMMA = YES;
				CLANG_WARN_CONSTANT_CONVERSION = YES;
				CLANG_WARN_DEPRECATED_OBJC_IMPLEMENTATIONS = YES;
				CLANG_WARN_DIRECT_OBJC_ISA_USAGE = YES_ERROR;
				CLANG_WARN_DOCUMENTATION_COMMENTS = YES;
				CLANG_WARN_EMPTY_BODY = YES;
				CLANG_WARN_ENUM_CONVERSION = YES;
				CLANG_WARN_INFINITE_RECURSION = YES;
				CLANG_WARN_INT_CONVERSION = YES;
				CLANG_WARN_NON_LITERAL_NULL_CONVERSION = YES;
				CLANG_WARN_OBJC_IMPLICIT_RETAIN_SELF = YES;
				CLANG_WARN_OBJC_LITERAL_CONVERSION = YES;
				CLANG_WARN_OBJC_ROOT_CLASS = YES_ERROR;
				CLANG_WARN_QUOTED_INCLUDE_IN_FRAMEWORK_HEADER = YES;
				CLANG_WARN_RANGE_LOOP_ANALYSIS = YES;
				CLANG_WARN_STRICT_PROTOTYPES = YES;
				CLANG_WARN_SUSPICIOUS_MOVE = YES;
				CLANG_WARN_UNGUARDED_AVAILABILITY = YES_AGGRESSIVE;
				CLANG_WARN_UNREACHABLE_CODE = YES;
				CLANG_WARN__DUPLICATE_METHOD_MATCH = YES;
				COPY_PHASE_STRIP = NO;
				DEBUG_INFORMATION_FORMAT = dwarf;
				ENABLE_STRICT_OBJC_MSGSEND = YES;
				ENABLE_TESTABILITY = YES;
				GCC_C_LANGUAGE_STANDARD = gnu11;
				GCC_DYNAMIC_NO_PIC = NO;
				GCC_NO_COMMON_BLOCKS = YES;
				GCC_OPTIMIZATION_LEVEL = 0;
				GCC_PREPROCESSOR_DEFINITIONS = (
					"DEBUG=1",
					"$(inherited)",
				);
				GCC_WARN_64_TO_32_BIT_CONVERSION = YES;
				GCC_WARN_ABOUT_RETURN_TYPE = YES_ERROR;
				GCC_WARN_UNDECLARED_SELECTOR = YES;
				GCC_WARN_UNINITIALIZED_AUTOS = YES_AGGRESSIVE;
				GCC_WARN_UNUSED_FUNCTION = YES;
				GCC_WARN_UNUSED_VARIABLE = YES;
				IPHONEOS_DEPLOYMENT_TARGET = 16.1;
				MTL_ENABLE_DEBUG_INFO = INCLUDE_SOURCE;
				MTL_FAST_MATH = YES;
				ONLY_ACTIVE_ARCH = YES;
				SDKROOT = iphoneos;
				SWIFT_ACTIVE_COMPILATION_CONDITIONS = DEBUG;
				SWIFT_OPTIMIZATION_LEVEL = "-Onone";
			};
			name = Debug;
		};
		35E9AC292A55AC22000C369E /* Release */ = {
			isa = XCBuildConfiguration;
			buildSettings = {
				ALWAYS_SEARCH_USER_PATHS = NO;
				CLANG_ANALYZER_NONNULL = YES;
				CLANG_ANALYZER_NUMBER_OBJECT_CONVERSION = YES_AGGRESSIVE;
				CLANG_CXX_LANGUAGE_STANDARD = "gnu++20";
				CLANG_ENABLE_MODULES = YES;
				CLANG_ENABLE_OBJC_ARC = YES;
				CLANG_ENABLE_OBJC_WEAK = YES;
				CLANG_WARN_BLOCK_CAPTURE_AUTORELEASING = YES;
				CLANG_WARN_BOOL_CONVERSION = YES;
				CLANG_WARN_COMMA = YES;
				CLANG_WARN_CONSTANT_CONVERSION = YES;
				CLANG_WARN_DEPRECATED_OBJC_IMPLEMENTATIONS = YES;
				CLANG_WARN_DIRECT_OBJC_ISA_USAGE = YES_ERROR;
				CLANG_WARN_DOCUMENTATION_COMMENTS = YES;
				CLANG_WARN_EMPTY_BODY = YES;
				CLANG_WARN_ENUM_CONVERSION = YES;
				CLANG_WARN_INFINITE_RECURSION = YES;
				CLANG_WARN_INT_CONVERSION = YES;
				CLANG_WARN_NON_LITERAL_NULL_CONVERSION = YES;
				CLANG_WARN_OBJC_IMPLICIT_RETAIN_SELF = YES;
				CLANG_WARN_OBJC_LITERAL_CONVERSION = YES;
				CLANG_WARN_OBJC_ROOT_CLASS = YES_ERROR;
				CLANG_WARN_QUOTED_INCLUDE_IN_FRAMEWORK_HEADER = YES;
				CLANG_WARN_RANGE_LOOP_ANALYSIS = YES;
				CLANG_WARN_STRICT_PROTOTYPES = YES;
				CLANG_WARN_SUSPICIOUS_MOVE = YES;
				CLANG_WARN_UNGUARDED_AVAILABILITY = YES_AGGRESSIVE;
				CLANG_WARN_UNREACHABLE_CODE = YES;
				CLANG_WARN__DUPLICATE_METHOD_MATCH = YES;
				COPY_PHASE_STRIP = NO;
				DEBUG_INFORMATION_FORMAT = "dwarf-with-dsym";
				ENABLE_NS_ASSERTIONS = NO;
				ENABLE_STRICT_OBJC_MSGSEND = YES;
				GCC_C_LANGUAGE_STANDARD = gnu11;
				GCC_NO_COMMON_BLOCKS = YES;
				GCC_WARN_64_TO_32_BIT_CONVERSION = YES;
				GCC_WARN_ABOUT_RETURN_TYPE = YES_ERROR;
				GCC_WARN_UNDECLARED_SELECTOR = YES;
				GCC_WARN_UNINITIALIZED_AUTOS = YES_AGGRESSIVE;
				GCC_WARN_UNUSED_FUNCTION = YES;
				GCC_WARN_UNUSED_VARIABLE = YES;
				IPHONEOS_DEPLOYMENT_TARGET = 16.1;
				MTL_ENABLE_DEBUG_INFO = NO;
				MTL_FAST_MATH = YES;
				SDKROOT = iphoneos;
				SWIFT_COMPILATION_MODE = wholemodule;
				SWIFT_OPTIMIZATION_LEVEL = "-O";
				VALIDATE_PRODUCT = YES;
			};
			name = Release;
		};
		35E9AC2B2A55AC22000C369E /* Debug */ = {
			isa = XCBuildConfiguration;
			buildSettings = {
				ASSETCATALOG_COMPILER_APPICON_NAME = AppIcon;
				ASSETCATALOG_COMPILER_GLOBAL_ACCENT_COLOR_NAME = AccentColor;
				CODE_SIGN_STYLE = Automatic;
				CURRENT_PROJECT_VERSION = 1;
				DEVELOPMENT_ASSET_PATHS = "\"RPS_ML_Multiplayer/Preview Content\"";
				DEVELOPMENT_TEAM = 7EA538H3Z8;
				ENABLE_PREVIEWS = YES;
				GENERATE_INFOPLIST_FILE = YES;
				INFOPLIST_KEY_NSCameraUsageDescription = "Camera required to play";
				INFOPLIST_KEY_UIApplicationSceneManifest_Generation = YES;
				INFOPLIST_KEY_UIApplicationSupportsIndirectInputEvents = YES;
				INFOPLIST_KEY_UILaunchScreen_Generation = YES;
				INFOPLIST_KEY_UISupportedInterfaceOrientations_iPad = "UIInterfaceOrientationPortrait UIInterfaceOrientationPortraitUpsideDown UIInterfaceOrientationLandscapeLeft UIInterfaceOrientationLandscapeRight";
				INFOPLIST_KEY_UISupportedInterfaceOrientations_iPhone = "UIInterfaceOrientationPortrait UIInterfaceOrientationLandscapeLeft UIInterfaceOrientationLandscapeRight";
				LD_RUNPATH_SEARCH_PATHS = (
					"$(inherited)",
					"@executable_path/Frameworks",
				);
				MARKETING_VERSION = 1.0;
				PRODUCT_BUNDLE_IDENTIFIER = "Jacob-Ruranski.RPS-ML-Multiplayer";
				PRODUCT_NAME = "$(TARGET_NAME)";
				SWIFT_EMIT_LOC_STRINGS = YES;
				SWIFT_VERSION = 5.0;
				TARGETED_DEVICE_FAMILY = "1,2";
			};
			name = Debug;
		};
		35E9AC2C2A55AC22000C369E /* Release */ = {
			isa = XCBuildConfiguration;
			buildSettings = {
				ASSETCATALOG_COMPILER_APPICON_NAME = AppIcon;
				ASSETCATALOG_COMPILER_GLOBAL_ACCENT_COLOR_NAME = AccentColor;
				CODE_SIGN_STYLE = Automatic;
				CURRENT_PROJECT_VERSION = 1;
				DEVELOPMENT_ASSET_PATHS = "\"RPS_ML_Multiplayer/Preview Content\"";
				DEVELOPMENT_TEAM = 7EA538H3Z8;
				ENABLE_PREVIEWS = YES;
				GENERATE_INFOPLIST_FILE = YES;
				INFOPLIST_KEY_NSCameraUsageDescription = "Camera required to play";
				INFOPLIST_KEY_UIApplicationSceneManifest_Generation = YES;
				INFOPLIST_KEY_UIApplicationSupportsIndirectInputEvents = YES;
				INFOPLIST_KEY_UILaunchScreen_Generation = YES;
				INFOPLIST_KEY_UISupportedInterfaceOrientations_iPad = "UIInterfaceOrientationPortrait UIInterfaceOrientationPortraitUpsideDown UIInterfaceOrientationLandscapeLeft UIInterfaceOrientationLandscapeRight";
				INFOPLIST_KEY_UISupportedInterfaceOrientations_iPhone = "UIInterfaceOrientationPortrait UIInterfaceOrientationLandscapeLeft UIInterfaceOrientationLandscapeRight";
				LD_RUNPATH_SEARCH_PATHS = (
					"$(inherited)",
					"@executable_path/Frameworks",
				);
				MARKETING_VERSION = 1.0;
				PRODUCT_BUNDLE_IDENTIFIER = "Jacob-Ruranski.RPS-ML-Multiplayer";
				PRODUCT_NAME = "$(TARGET_NAME)";
				SWIFT_EMIT_LOC_STRINGS = YES;
				SWIFT_VERSION = 5.0;
				TARGETED_DEVICE_FAMILY = "1,2";
			};
			name = Release;
		};
		35E9AC2E2A55AC22000C369E /* Debug */ = {
			isa = XCBuildConfiguration;
			buildSettings = {
				ALWAYS_EMBED_SWIFT_STANDARD_LIBRARIES = YES;
				BUNDLE_LOADER = "$(TEST_HOST)";
				CODE_SIGN_STYLE = Automatic;
				CURRENT_PROJECT_VERSION = 1;
				DEVELOPMENT_TEAM = 7EA538H3Z8;
				GENERATE_INFOPLIST_FILE = YES;
				IPHONEOS_DEPLOYMENT_TARGET = 16.1;
				MARKETING_VERSION = 1.0;
				PRODUCT_BUNDLE_IDENTIFIER = "Jacob-Ruranski.RPS-ML-MultiplayerTests";
				PRODUCT_NAME = "$(TARGET_NAME)";
				SWIFT_EMIT_LOC_STRINGS = NO;
				SWIFT_VERSION = 5.0;
				TARGETED_DEVICE_FAMILY = "1,2";
				TEST_HOST = "$(BUILT_PRODUCTS_DIR)/RPS_ML_Multiplayer.app/$(BUNDLE_EXECUTABLE_FOLDER_PATH)/RPS_ML_Multiplayer";
			};
			name = Debug;
		};
		35E9AC2F2A55AC22000C369E /* Release */ = {
			isa = XCBuildConfiguration;
			buildSettings = {
				ALWAYS_EMBED_SWIFT_STANDARD_LIBRARIES = YES;
				BUNDLE_LOADER = "$(TEST_HOST)";
				CODE_SIGN_STYLE = Automatic;
				CURRENT_PROJECT_VERSION = 1;
				DEVELOPMENT_TEAM = 7EA538H3Z8;
				GENERATE_INFOPLIST_FILE = YES;
				IPHONEOS_DEPLOYMENT_TARGET = 16.1;
				MARKETING_VERSION = 1.0;
				PRODUCT_BUNDLE_IDENTIFIER = "Jacob-Ruranski.RPS-ML-MultiplayerTests";
				PRODUCT_NAME = "$(TARGET_NAME)";
				SWIFT_EMIT_LOC_STRINGS = NO;
				SWIFT_VERSION = 5.0;
				TARGETED_DEVICE_FAMILY = "1,2";
				TEST_HOST = "$(BUILT_PRODUCTS_DIR)/RPS_ML_Multiplayer.app/$(BUNDLE_EXECUTABLE_FOLDER_PATH)/RPS_ML_Multiplayer";
			};
			name = Release;
		};
		35E9AC312A55AC22000C369E /* Debug */ = {
			isa = XCBuildConfiguration;
			buildSettings = {
				ALWAYS_EMBED_SWIFT_STANDARD_LIBRARIES = YES;
				CODE_SIGN_STYLE = Automatic;
				CURRENT_PROJECT_VERSION = 1;
				DEVELOPMENT_TEAM = 7EA538H3Z8;
				GENERATE_INFOPLIST_FILE = YES;
				MARKETING_VERSION = 1.0;
				PRODUCT_BUNDLE_IDENTIFIER = "Jacob-Ruranski.RPS-ML-MultiplayerUITests";
				PRODUCT_NAME = "$(TARGET_NAME)";
				SWIFT_EMIT_LOC_STRINGS = NO;
				SWIFT_VERSION = 5.0;
				TARGETED_DEVICE_FAMILY = "1,2";
				TEST_TARGET_NAME = RPS_ML_Multiplayer;
			};
			name = Debug;
		};
		35E9AC322A55AC22000C369E /* Release */ = {
			isa = XCBuildConfiguration;
			buildSettings = {
				ALWAYS_EMBED_SWIFT_STANDARD_LIBRARIES = YES;
				CODE_SIGN_STYLE = Automatic;
				CURRENT_PROJECT_VERSION = 1;
				DEVELOPMENT_TEAM = 7EA538H3Z8;
				GENERATE_INFOPLIST_FILE = YES;
				MARKETING_VERSION = 1.0;
				PRODUCT_BUNDLE_IDENTIFIER = "Jacob-Ruranski.RPS-ML-MultiplayerUITests";
				PRODUCT_NAME = "$(TARGET_NAME)";
				SWIFT_EMIT_LOC_STRINGS = NO;
				SWIFT_VERSION = 5.0;
				TARGETED_DEVICE_FAMILY = "1,2";
				TEST_TARGET_NAME = RPS_ML_Multiplayer;
			};
			name = Release;
		};
/* End XCBuildConfiguration section */

/* Begin XCConfigurationList section */
		35E9AC012A55AC20000C369E /* Build configuration list for PBXProject "RPS_ML_Multiplayer" */ = {
			isa = XCConfigurationList;
			buildConfigurations = (
				35E9AC282A55AC22000C369E /* Debug */,
				35E9AC292A55AC22000C369E /* Release */,
			);
			defaultConfigurationIsVisible = 0;
			defaultConfigurationName = Release;
		};
		35E9AC2A2A55AC22000C369E /* Build configuration list for PBXNativeTarget "RPS_ML_Multiplayer" */ = {
			isa = XCConfigurationList;
			buildConfigurations = (
				35E9AC2B2A55AC22000C369E /* Debug */,
				35E9AC2C2A55AC22000C369E /* Release */,
			);
			defaultConfigurationIsVisible = 0;
			defaultConfigurationName = Release;
		};
		35E9AC2D2A55AC22000C369E /* Build configuration list for PBXNativeTarget "RPS_ML_MultiplayerTests" */ = {
			isa = XCConfigurationList;
			buildConfigurations = (
				35E9AC2E2A55AC22000C369E /* Debug */,
				35E9AC2F2A55AC22000C369E /* Release */,
			);
			defaultConfigurationIsVisible = 0;
			defaultConfigurationName = Release;
		};
		35E9AC302A55AC22000C369E /* Build configuration list for PBXNativeTarget "RPS_ML_MultiplayerUITests" */ = {
			isa = XCConfigurationList;
			buildConfigurations = (
				35E9AC312A55AC22000C369E /* Debug */,
				35E9AC322A55AC22000C369E /* Release */,
			);
			defaultConfigurationIsVisible = 0;
			defaultConfigurationName = Release;
		};
/* End XCConfigurationList section */

/* Begin XCRemoteSwiftPackageReference section */
		35D314EA2A5AB81300D12796 /* XCRemoteSwiftPackageReference "firebase-ios-sdk" */ = {
			isa = XCRemoteSwiftPackageReference;
			repositoryURL = "https://github.com/firebase/firebase-ios-sdk";
			requirement = {
				kind = upToNextMajorVersion;
				minimumVersion = 10.0.0;
			};
		};
/* End XCRemoteSwiftPackageReference section */

/* Begin XCSwiftPackageProductDependency section */
		35D314EB2A5AB81300D12796 /* FirebaseAnalyticsSwift */ = {
			isa = XCSwiftPackageProductDependency;
			package = 35D314EA2A5AB81300D12796 /* XCRemoteSwiftPackageReference "firebase-ios-sdk" */;
			productName = FirebaseAnalyticsSwift;
		};
		35D314ED2A5AB81300D12796 /* FirebaseAuth */ = {
			isa = XCSwiftPackageProductDependency;
			package = 35D314EA2A5AB81300D12796 /* XCRemoteSwiftPackageReference "firebase-ios-sdk" */;
			productName = FirebaseAuth;
		};
		35D314EF2A5AB81300D12796 /* FirebaseAuthCombine-Community */ = {
			isa = XCSwiftPackageProductDependency;
			package = 35D314EA2A5AB81300D12796 /* XCRemoteSwiftPackageReference "firebase-ios-sdk" */;
			productName = "FirebaseAuthCombine-Community";
		};
		35D314F12A5AB81300D12796 /* FirebaseCrashlytics */ = {
			isa = XCSwiftPackageProductDependency;
			package = 35D314EA2A5AB81300D12796 /* XCRemoteSwiftPackageReference "firebase-ios-sdk" */;
			productName = FirebaseCrashlytics;
		};
		35D314F32A5AB81300D12796 /* FirebaseDatabaseSwift */ = {
			isa = XCSwiftPackageProductDependency;
			package = 35D314EA2A5AB81300D12796 /* XCRemoteSwiftPackageReference "firebase-ios-sdk" */;
			productName = FirebaseDatabaseSwift;
		};
		35D314F52A5AB81300D12796 /* FirebaseDynamicLinks */ = {
			isa = XCSwiftPackageProductDependency;
			package = 35D314EA2A5AB81300D12796 /* XCRemoteSwiftPackageReference "firebase-ios-sdk" */;
			productName = FirebaseDynamicLinks;
		};
		35D314F72A5AB81300D12796 /* FirebaseFirestoreSwift */ = {
			isa = XCSwiftPackageProductDependency;
			package = 35D314EA2A5AB81300D12796 /* XCRemoteSwiftPackageReference "firebase-ios-sdk" */;
			productName = FirebaseFirestoreSwift;
		};
		35D314F92A5AB81300D12796 /* FirebaseFunctions */ = {
			isa = XCSwiftPackageProductDependency;
			package = 35D314EA2A5AB81300D12796 /* XCRemoteSwiftPackageReference "firebase-ios-sdk" */;
			productName = FirebaseFunctions;
		};
		35D314FB2A5AB81300D12796 /* FirebaseMessaging */ = {
			isa = XCSwiftPackageProductDependency;
			package = 35D314EA2A5AB81300D12796 /* XCRemoteSwiftPackageReference "firebase-ios-sdk" */;
			productName = FirebaseMessaging;
		};
		35D314FD2A5AB81300D12796 /* FirebaseStorageCombine-Community */ = {
			isa = XCSwiftPackageProductDependency;
			package = 35D314EA2A5AB81300D12796 /* XCRemoteSwiftPackageReference "firebase-ios-sdk" */;
			productName = "FirebaseStorageCombine-Community";
		};
/* End XCSwiftPackageProductDependency section */
	};
	rootObject = 35E9ABFE2A55AC20000C369E /* Project object */;
}
